// !$*UTF8*$!
{
	archiveVersion = 1;
	classes = {
	};
	objectVersion = 50;
	objects = {

/* Begin PBXBuildFile section */
		4D95704625605C8B00E9E531 /* BinarySearchTree.swift in Sources */ = {isa = PBXBuildFile; fileRef = 4D95704525605C8B00E9E531 /* BinarySearchTree.swift */; };
		4D95704E25605CBD00E9E531 /* BinarySearchTree.Node.swift in Sources */ = {isa = PBXBuildFile; fileRef = 4D95704D25605CBD00E9E531 /* BinarySearchTree.Node.swift */; };
		4DC73B0B256059930031C632 /* AppDelegate.swift in Sources */ = {isa = PBXBuildFile; fileRef = 4DC73B0A256059930031C632 /* AppDelegate.swift */; };
		4DC73B0D256059930031C632 /* SceneDelegate.swift in Sources */ = {isa = PBXBuildFile; fileRef = 4DC73B0C256059930031C632 /* SceneDelegate.swift */; };
		4DC73B0F256059930031C632 /* ViewController.swift in Sources */ = {isa = PBXBuildFile; fileRef = 4DC73B0E256059930031C632 /* ViewController.swift */; };
		4DC73B12256059930031C632 /* Main.storyboard in Resources */ = {isa = PBXBuildFile; fileRef = 4DC73B10256059930031C632 /* Main.storyboard */; };
		4DC73B14256059970031C632 /* Assets.xcassets in Resources */ = {isa = PBXBuildFile; fileRef = 4DC73B13256059970031C632 /* Assets.xcassets */; };
		4DC73B17256059970031C632 /* LaunchScreen.storyboard in Resources */ = {isa = PBXBuildFile; fileRef = 4DC73B15256059970031C632 /* LaunchScreen.storyboard */; };
		4DC73B22256059970031C632 /* BinarySearchTreeTests.swift in Sources */ = {isa = PBXBuildFile; fileRef = 4DC73B21256059970031C632 /* BinarySearchTreeTests.swift */; };
/* End PBXBuildFile section */

/* Begin PBXContainerItemProxy section */
		4DC73B1E256059970031C632 /* PBXContainerItemProxy */ = {
			isa = PBXContainerItemProxy;
			containerPortal = 4DC73AFF256059930031C632 /* Project object */;
			proxyType = 1;
			remoteGlobalIDString = 4DC73B06256059930031C632;
			remoteInfo = BinarySearchTree;
		};
/* End PBXContainerItemProxy section */

/* Begin PBXFileReference section */
		4D95704525605C8B00E9E531 /* BinarySearchTree.swift */ = {isa = PBXFileReference; lastKnownFileType = sourcecode.swift; path = BinarySearchTree.swift; sourceTree = "<group>"; };
		4D95704D25605CBD00E9E531 /* BinarySearchTree.Node.swift */ = {isa = PBXFileReference; lastKnownFileType = sourcecode.swift; path = BinarySearchTree.Node.swift; sourceTree = "<group>"; };
		4DC73B07256059930031C632 /* BinarySearchTree.app */ = {isa = PBXFileReference; explicitFileType = wrapper.application; includeInIndex = 0; path = BinarySearchTree.app; sourceTree = BUILT_PRODUCTS_DIR; };
		4DC73B0A256059930031C632 /* AppDelegate.swift */ = {isa = PBXFileReference; lastKnownFileType = sourcecode.swift; path = AppDelegate.swift; sourceTree = "<group>"; };
		4DC73B0C256059930031C632 /* SceneDelegate.swift */ = {isa = PBXFileReference; lastKnownFileType = sourcecode.swift; path = SceneDelegate.swift; sourceTree = "<group>"; };
		4DC73B0E256059930031C632 /* ViewController.swift */ = {isa = PBXFileReference; lastKnownFileType = sourcecode.swift; path = ViewController.swift; sourceTree = "<group>"; };
		4DC73B11256059930031C632 /* Base */ = {isa = PBXFileReference; lastKnownFileType = file.storyboard; name = Base; path = Base.lproj/Main.storyboard; sourceTree = "<group>"; };
		4DC73B13256059970031C632 /* Assets.xcassets */ = {isa = PBXFileReference; lastKnownFileType = folder.assetcatalog; path = Assets.xcassets; sourceTree = "<group>"; };
		4DC73B16256059970031C632 /* Base */ = {isa = PBXFileReference; lastKnownFileType = file.storyboard; name = Base; path = Base.lproj/LaunchScreen.storyboard; sourceTree = "<group>"; };
		4DC73B18256059970031C632 /* Info.plist */ = {isa = PBXFileReference; lastKnownFileType = text.plist.xml; path = Info.plist; sourceTree = "<group>"; };
		4DC73B1D256059970031C632 /* BinarySearchTreeTests.xctest */ = {isa = PBXFileReference; explicitFileType = wrapper.cfbundle; includeInIndex = 0; path = BinarySearchTreeTests.xctest; sourceTree = BUILT_PRODUCTS_DIR; };
		4DC73B21256059970031C632 /* BinarySearchTreeTests.swift */ = {isa = PBXFileReference; lastKnownFileType = sourcecode.swift; path = BinarySearchTreeTests.swift; sourceTree = "<group>"; };
		4DC73B23256059970031C632 /* Info.plist */ = {isa = PBXFileReference; lastKnownFileType = text.plist.xml; path = Info.plist; sourceTree = "<group>"; };
/* End PBXFileReference section */

/* Begin PBXFrameworksBuildPhase section */
		4DC73B04256059930031C632 /* Frameworks */ = {
			isa = PBXFrameworksBuildPhase;
			buildActionMask = 2147483647;
			files = (
			);
			runOnlyForDeploymentPostprocessing = 0;
		};
		4DC73B1A256059970031C632 /* Frameworks */ = {
			isa = PBXFrameworksBuildPhase;
			buildActionMask = 2147483647;
			files = (
			);
			runOnlyForDeploymentPostprocessing = 0;
		};
/* End PBXFrameworksBuildPhase section */

/* Begin PBXGroup section */
		4D95704425605C4900E9E531 /* BinarySearchTree */ = {
			isa = PBXGroup;
			children = (
				4D95704525605C8B00E9E531 /* BinarySearchTree.swift */,
				4D95704D25605CBD00E9E531 /* BinarySearchTree.Node.swift */,
			);
			path = BinarySearchTree;
			sourceTree = "<group>";
		};
		4DC73AFE256059930031C632 = {
			isa = PBXGroup;
			children = (
				4DC73B09256059930031C632 /* BinarySearchTree */,
				4DC73B20256059970031C632 /* BinarySearchTreeTests */,
				4DC73B08256059930031C632 /* Products */,
			);
			sourceTree = "<group>";
		};
		4DC73B08256059930031C632 /* Products */ = {
			isa = PBXGroup;
			children = (
				4DC73B07256059930031C632 /* BinarySearchTree.app */,
				4DC73B1D256059970031C632 /* BinarySearchTreeTests.xctest */,
			);
			name = Products;
			sourceTree = "<group>";
		};
		4DC73B09256059930031C632 /* BinarySearchTree */ = {
			isa = PBXGroup;
			children = (
				4D95704425605C4900E9E531 /* BinarySearchTree */,
				4DC73B0A256059930031C632 /* AppDelegate.swift */,
				4DC73B0C256059930031C632 /* SceneDelegate.swift */,
				4DC73B0E256059930031C632 /* ViewController.swift */,
				4DC73B10256059930031C632 /* Main.storyboard */,
				4DC73B13256059970031C632 /* Assets.xcassets */,
				4DC73B15256059970031C632 /* LaunchScreen.storyboard */,
				4DC73B18256059970031C632 /* Info.plist */,
			);
			path = BinarySearchTree;
			sourceTree = "<group>";
		};
		4DC73B20256059970031C632 /* BinarySearchTreeTests */ = {
			isa = PBXGroup;
			children = (
				4DC73B21256059970031C632 /* BinarySearchTreeTests.swift */,
				4DC73B23256059970031C632 /* Info.plist */,
			);
			path = BinarySearchTreeTests;
			sourceTree = "<group>";
		};
/* End PBXGroup section */

/* Begin PBXNativeTarget section */
		4DC73B06256059930031C632 /* BinarySearchTree */ = {
			isa = PBXNativeTarget;
			buildConfigurationList = 4DC73B31256059970031C632 /* Build configuration list for PBXNativeTarget "BinarySearchTree" */;
			buildPhases = (
				4DC73B03256059930031C632 /* Sources */,
				4DC73B04256059930031C632 /* Frameworks */,
				4DC73B05256059930031C632 /* Resources */,
			);
			buildRules = (
			);
			dependencies = (
			);
			name = BinarySearchTree;
			productName = BinarySearchTree;
			productReference = 4DC73B07256059930031C632 /* BinarySearchTree.app */;
			productType = "com.apple.product-type.application";
		};
		4DC73B1C256059970031C632 /* BinarySearchTreeTests */ = {
			isa = PBXNativeTarget;
			buildConfigurationList = 4DC73B34256059970031C632 /* Build configuration list for PBXNativeTarget "BinarySearchTreeTests" */;
			buildPhases = (
				4DC73B19256059970031C632 /* Sources */,
				4DC73B1A256059970031C632 /* Frameworks */,
				4DC73B1B256059970031C632 /* Resources */,
			);
			buildRules = (
			);
			dependencies = (
				4DC73B1F256059970031C632 /* PBXTargetDependency */,
			);
			name = BinarySearchTreeTests;
			productName = BinarySearchTreeTests;
			productReference = 4DC73B1D256059970031C632 /* BinarySearchTreeTests.xctest */;
			productType = "com.apple.product-type.bundle.unit-test";
		};
/* End PBXNativeTarget section */

/* Begin PBXProject section */
		4DC73AFF256059930031C632 /* Project object */ = {
			isa = PBXProject;
			attributes = {
				LastSwiftUpdateCheck = 1210;
				LastUpgradeCheck = 1210;
				TargetAttributes = {
					4DC73B06256059930031C632 = {
						CreatedOnToolsVersion = 12.1;
					};
					4DC73B1C256059970031C632 = {
						CreatedOnToolsVersion = 12.1;
						TestTargetID = 4DC73B06256059930031C632;
					};
				};
			};
			buildConfigurationList = 4DC73B02256059930031C632 /* Build configuration list for PBXProject "BinarySearchTree" */;
			compatibilityVersion = "Xcode 9.3";
			developmentRegion = en;
			hasScannedForEncodings = 0;
			knownRegions = (
				en,
				Base,
			);
			mainGroup = 4DC73AFE256059930031C632;
			productRefGroup = 4DC73B08256059930031C632 /* Products */;
			projectDirPath = "";
			projectRoot = "";
			targets = (
				4DC73B06256059930031C632 /* BinarySearchTree */,
				4DC73B1C256059970031C632 /* BinarySearchTreeTests */,
			);
		};
/* End PBXProject section */

/* Begin PBXResourcesBuildPhase section */
		4DC73B05256059930031C632 /* Resources */ = {
			isa = PBXResourcesBuildPhase;
			buildActionMask = 2147483647;
			files = (
				4DC73B17256059970031C632 /* LaunchScreen.storyboard in Resources */,
				4DC73B14256059970031C632 /* Assets.xcassets in Resources */,
				4DC73B12256059930031C632 /* Main.storyboard in Resources */,
			);
			runOnlyForDeploymentPostprocessing = 0;
		};
		4DC73B1B256059970031C632 /* Resources */ = {
			isa = PBXResourcesBuildPhase;
			buildActionMask = 2147483647;
			files = (
			);
			runOnlyForDeploymentPostprocessing = 0;
		};
/* End PBXResourcesBuildPhase section */

/* Begin PBXSourcesBuildPhase section */
		4DC73B03256059930031C632 /* Sources */ = {
			isa = PBXSourcesBuildPhase;
			buildActionMask = 2147483647;
			files = (
				4D95704E25605CBD00E9E531 /* BinarySearchTree.Node.swift in Sources */,
				4D95704625605C8B00E9E531 /* BinarySearchTree.swift in Sources */,
				4DC73B0F256059930031C632 /* ViewController.swift in Sources */,
				4DC73B0B256059930031C632 /* AppDelegate.swift in Sources */,
				4DC73B0D256059930031C632 /* SceneDelegate.swift in Sources */,
			);
			runOnlyForDeploymentPostprocessing = 0;
		};
		4DC73B19256059970031C632 /* Sources */ = {
			isa = PBXSourcesBuildPhase;
			buildActionMask = 2147483647;
			files = (
				4DC73B22256059970031C632 /* BinarySearchTreeTests.swift in Sources */,
			);
			runOnlyForDeploymentPostprocessing = 0;
		};
/* End PBXSourcesBuildPhase section */

/* Begin PBXTargetDependency section */
		4DC73B1F256059970031C632 /* PBXTargetDependency */ = {
			isa = PBXTargetDependency;
			target = 4DC73B06256059930031C632 /* BinarySearchTree */;
			targetProxy = 4DC73B1E256059970031C632 /* PBXContainerItemProxy */;
		};
/* End PBXTargetDependency section */

/* Begin PBXVariantGroup section */
		4DC73B10256059930031C632 /* Main.storyboard */ = {
			isa = PBXVariantGroup;
			children = (
				4DC73B11256059930031C632 /* Base */,
			);
			name = Main.storyboard;
			sourceTree = "<group>";
		};
		4DC73B15256059970031C632 /* LaunchScreen.storyboard */ = {
			isa = PBXVariantGroup;
			children = (
				4DC73B16256059970031C632 /* Base */,
			);
			name = LaunchScreen.storyboard;
			sourceTree = "<group>";
		};
/* End PBXVariantGroup section */

/* Begin XCBuildConfiguration section */
		4DC73B2F256059970031C632 /* Debug */ = {
			isa = XCBuildConfiguration;
			buildSettings = {
				ALWAYS_SEARCH_USER_PATHS = NO;
				CLANG_ANALYZER_NONNULL = YES;
				CLANG_ANALYZER_NUMBER_OBJECT_CONVERSION = YES_AGGRESSIVE;
				CLANG_CXX_LANGUAGE_STANDARD = "gnu++14";
				CLANG_CXX_LIBRARY = "libc++";
				CLANG_ENABLE_MODULES = YES;
				CLANG_ENABLE_OBJC_ARC = YES;
				CLANG_ENABLE_OBJC_WEAK = YES;
				CLANG_WARN_BLOCK_CAPTURE_AUTORELEASING = YES;
				CLANG_WARN_BOOL_CONVERSION = YES;
				CLANG_WARN_COMMA = YES;
				CLANG_WARN_CONSTANT_CONVERSION = YES;
				CLANG_WARN_DEPRECATED_OBJC_IMPLEMENTATIONS = YES;
				CLANG_WARN_DIRECT_OBJC_ISA_USAGE = YES_ERROR;
				CLANG_WARN_DOCUMENTATION_COMMENTS = YES;
				CLANG_WARN_EMPTY_BODY = YES;
				CLANG_WARN_ENUM_CONVERSION = YES;
				CLANG_WARN_INFINITE_RECURSION = YES;
				CLANG_WARN_INT_CONVERSION = YES;
				CLANG_WARN_NON_LITERAL_NULL_CONVERSION = YES;
				CLANG_WARN_OBJC_IMPLICIT_RETAIN_SELF = YES;
				CLANG_WARN_OBJC_LITERAL_CONVERSION = YES;
				CLANG_WARN_OBJC_ROOT_CLASS = YES_ERROR;
				CLANG_WARN_QUOTED_INCLUDE_IN_FRAMEWORK_HEADER = YES;
				CLANG_WARN_RANGE_LOOP_ANALYSIS = YES;
				CLANG_WARN_STRICT_PROTOTYPES = YES;
				CLANG_WARN_SUSPICIOUS_MOVE = YES;
				CLANG_WARN_UNGUARDED_AVAILABILITY = YES_AGGRESSIVE;
				CLANG_WARN_UNREACHABLE_CODE = YES;
				CLANG_WARN__DUPLICATE_METHOD_MATCH = YES;
				COPY_PHASE_STRIP = NO;
				DEBUG_INFORMATION_FORMAT = dwarf;
				ENABLE_STRICT_OBJC_MSGSEND = YES;
				ENABLE_TESTABILITY = YES;
				GCC_C_LANGUAGE_STANDARD = gnu11;
				GCC_DYNAMIC_NO_PIC = NO;
				GCC_NO_COMMON_BLOCKS = YES;
				GCC_OPTIMIZATION_LEVEL = 0;
				GCC_PREPROCESSOR_DEFINITIONS = (
					"DEBUG=1",
					"$(inherited)",
				);
				GCC_WARN_64_TO_32_BIT_CONVERSION = YES;
				GCC_WARN_ABOUT_RETURN_TYPE = YES_ERROR;
				GCC_WARN_UNDECLARED_SELECTOR = YES;
				GCC_WARN_UNINITIALIZED_AUTOS = YES_AGGRESSIVE;
				GCC_WARN_UNUSED_FUNCTION = YES;
				GCC_WARN_UNUSED_VARIABLE = YES;
				IPHONEOS_DEPLOYMENT_TARGET = 14.1;
				MTL_ENABLE_DEBUG_INFO = INCLUDE_SOURCE;
				MTL_FAST_MATH = YES;
				ONLY_ACTIVE_ARCH = YES;
				SDKROOT = iphoneos;
				SWIFT_ACTIVE_COMPILATION_CONDITIONS = DEBUG;
				SWIFT_OPTIMIZATION_LEVEL = "-Onone";
			};
			name = Debug;
		};
		4DC73B30256059970031C632 /* Release */ = {
			isa = XCBuildConfiguration;
			buildSettings = {
				ALWAYS_SEARCH_USER_PATHS = NO;
				CLANG_ANALYZER_NONNULL = YES;
				CLANG_ANALYZER_NUMBER_OBJECT_CONVERSION = YES_AGGRESSIVE;
				CLANG_CXX_LANGUAGE_STANDARD = "gnu++14";
				CLANG_CXX_LIBRARY = "libc++";
				CLANG_ENABLE_MODULES = YES;
				CLANG_ENABLE_OBJC_ARC = YES;
				CLANG_ENABLE_OBJC_WEAK = YES;
				CLANG_WARN_BLOCK_CAPTURE_AUTORELEASING = YES;
				CLANG_WARN_BOOL_CONVERSION = YES;
				CLANG_WARN_COMMA = YES;
				CLANG_WARN_CONSTANT_CONVERSION = YES;
				CLANG_WARN_DEPRECATED_OBJC_IMPLEMENTATIONS = YES;
				CLANG_WARN_DIRECT_OBJC_ISA_USAGE = YES_ERROR;
				CLANG_WARN_DOCUMENTATION_COMMENTS = YES;
				CLANG_WARN_EMPTY_BODY = YES;
				CLANG_WARN_ENUM_CONVERSION = YES;
				CLANG_WARN_INFINITE_RECURSION = YES;
				CLANG_WARN_INT_CONVERSION = YES;
				CLANG_WARN_NON_LITERAL_NULL_CONVERSION = YES;
				CLANG_WARN_OBJC_IMPLICIT_RETAIN_SELF = YES;
				CLANG_WARN_OBJC_LITERAL_CONVERSION = YES;
				CLANG_WARN_OBJC_ROOT_CLASS = YES_ERROR;
				CLANG_WARN_QUOTED_INCLUDE_IN_FRAMEWORK_HEADER = YES;
				CLANG_WARN_RANGE_LOOP_ANALYSIS = YES;
				CLANG_WARN_STRICT_PROTOTYPES = YES;
				CLANG_WARN_SUSPICIOUS_MOVE = YES;
				CLANG_WARN_UNGUARDED_AVAILABILITY = YES_AGGRESSIVE;
				CLANG_WARN_UNREACHABLE_CODE = YES;
				CLANG_WARN__DUPLICATE_METHOD_MATCH = YES;
				COPY_PHASE_STRIP = NO;
				DEBUG_INFORMATION_FORMAT = "dwarf-with-dsym";
				ENABLE_NS_ASSERTIONS = NO;
				ENABLE_STRICT_OBJC_MSGSEND = YES;
				GCC_C_LANGUAGE_STANDARD = gnu11;
				GCC_NO_COMMON_BLOCKS = YES;
				GCC_WARN_64_TO_32_BIT_CONVERSION = YES;
				GCC_WARN_ABOUT_RETURN_TYPE = YES_ERROR;
				GCC_WARN_UNDECLARED_SELECTOR = YES;
				GCC_WARN_UNINITIALIZED_AUTOS = YES_AGGRESSIVE;
				GCC_WARN_UNUSED_FUNCTION = YES;
				GCC_WARN_UNUSED_VARIABLE = YES;
				IPHONEOS_DEPLOYMENT_TARGET = 14.1;
				MTL_ENABLE_DEBUG_INFO = NO;
				MTL_FAST_MATH = YES;
				SDKROOT = iphoneos;
				SWIFT_COMPILATION_MODE = wholemodule;
				SWIFT_OPTIMIZATION_LEVEL = "-O";
				VALIDATE_PRODUCT = YES;
			};
			name = Release;
		};
		4DC73B32256059970031C632 /* Debug */ = {
			isa = XCBuildConfiguration;
			buildSettings = {
				ASSETCATALOG_COMPILER_APPICON_NAME = AppIcon;
				ASSETCATALOG_COMPILER_GLOBAL_ACCENT_COLOR_NAME = AccentColor;
				CODE_SIGN_STYLE = Automatic;
				DEVELOPMENT_TEAM = VRMKYRCN57;
				INFOPLIST_FILE = BinarySearchTree/Info.plist;
				LD_RUNPATH_SEARCH_PATHS = (
					"$(inherited)",
					"@executable_path/Frameworks",
				);
				PRODUCT_BUNDLE_IDENTIFIER = com.mark.BinarySearchTree;
				PRODUCT_NAME = "$(TARGET_NAME)";
				SWIFT_VERSION = 5.0;
				TARGETED_DEVICE_FAMILY = "1,2";
			};
			name = Debug;
		};
		4DC73B33256059970031C632 /* Release */ = {
			isa = XCBuildConfiguration;
			buildSettings = {
				ASSETCATALOG_COMPILER_APPICON_NAME = AppIcon;
				ASSETCATALOG_COMPILER_GLOBAL_ACCENT_COLOR_NAME = AccentColor;
				CODE_SIGN_STYLE = Automatic;
				DEVELOPMENT_TEAM = VRMKYRCN57;
				INFOPLIST_FILE = BinarySearchTree/Info.plist;
				LD_RUNPATH_SEARCH_PATHS = (
					"$(inherited)",
					"@executable_path/Frameworks",
				);
				PRODUCT_BUNDLE_IDENTIFIER = com.mark.BinarySearchTree;
				PRODUCT_NAME = "$(TARGET_NAME)";
				SWIFT_VERSION = 5.0;
				TARGETED_DEVICE_FAMILY = "1,2";
			};
			name = Release;
		};
		4DC73B35256059970031C632 /* Debug */ = {
			isa = XCBuildConfiguration;
			buildSettings = {
				ALWAYS_EMBED_SWIFT_STANDARD_LIBRARIES = YES;
				BUNDLE_LOADER = "$(TEST_HOST)";
				CODE_SIGN_STYLE = Automatic;
				DEVELOPMENT_TEAM = VRMKYRCN57;
				INFOPLIST_FILE = BinarySearchTreeTests/Info.plist;
				IPHONEOS_DEPLOYMENT_TARGET = 14.1;
				LD_RUNPATH_SEARCH_PATHS = (
					"$(inherited)",
					"@executable_path/Frameworks",
					"@loader_path/Frameworks",
				);
				PRODUCT_BUNDLE_IDENTIFIER = com.mark.BinarySearchTreeTests;
				PRODUCT_NAME = "$(TARGET_NAME)";
				SWIFT_VERSION = 5.0;
				TARGETED_DEVICE_FAMILY = "1,2";
				TEST_HOST = "$(BUILT_PRODUCTS_DIR)/BinarySearchTree.app/BinarySearchTree";
			};
			name = Debug;
		};
		4DC73B36256059970031C632 /* Release */ = {
			isa = XCBuildConfiguration;
			buildSettings = {
				ALWAYS_EMBED_SWIFT_STANDARD_LIBRARIES = YES;
				BUNDLE_LOADER = "$(TEST_HOST)";
				CODE_SIGN_STYLE = Automatic;
				DEVELOPMENT_TEAM = VRMKYRCN57;
				INFOPLIST_FILE = BinarySearchTreeTests/Info.plist;
				IPHONEOS_DEPLOYMENT_TARGET = 14.1;
				LD_RUNPATH_SEARCH_PATHS = (
					"$(inherited)",
					"@executable_path/Frameworks",
					"@loader_path/Frameworks",
				);
				PRODUCT_BUNDLE_IDENTIFIER = com.mark.BinarySearchTreeTests;
				PRODUCT_NAME = "$(TARGET_NAME)";
				SWIFT_VERSION = 5.0;
				TARGETED_DEVICE_FAMILY = "1,2";
				TEST_HOST = "$(BUILT_PRODUCTS_DIR)/BinarySearchTree.app/BinarySearchTree";
			};
			name = Release;
		};
/* End XCBuildConfiguration section */

/* Begin XCConfigurationList section */
		4DC73B02256059930031C632 /* Build configuration list for PBXProject "BinarySearchTree" */ = {
			isa = XCConfigurationList;
			buildConfigurations = (
				4DC73B2F256059970031C632 /* Debug */,
				4DC73B30256059970031C632 /* Release */,
			);
			defaultConfigurationIsVisible = 0;
			defaultConfigurationName = Release;
		};
		4DC73B31256059970031C632 /* Build configuration list for PBXNativeTarget "BinarySearchTree" */ = {
			isa = XCConfigurationList;
			buildConfigurations = (
				4DC73B32256059970031C632 /* Debug */,
				4DC73B33256059970031C632 /* Release */,
			);
			defaultConfigurationIsVisible = 0;
			defaultConfigurationName = Release;
		};
		4DC73B34256059970031C632 /* Build configuration list for PBXNativeTarget "BinarySearchTreeTests" */ = {
			isa = XCConfigurationList;
			buildConfigurations = (
				4DC73B35256059970031C632 /* Debug */,
				4DC73B36256059970031C632 /* Release */,
			);
			defaultConfigurationIsVisible = 0;
			defaultConfigurationName = Release;
		};
/* End XCConfigurationList section */
	};
	rootObject = 4DC73AFF256059930031C632 /* Project object */;
}
